{
    "_readme": [
        "This file locks the dependencies of your project to a known state",
        "Read more about it at https://getcomposer.org/doc/01-basic-usage.md#composer-lock-the-lock-file",
        "This file is @generated automatically"
    ],
    "hash": "9d6f6693a1a9feb6abd718c1815cb730",
    "content-hash": "2e4196e024f77880585061a61bbc5c8e",
    "packages": [
        {
            "name": "composer/installers",
            "version": "v1.0.25",
            "source": {
                "type": "git",
                "url": "https://github.com/composer/installers.git",
                "reference": "36e5b5843203d7f1cf6ffb0305a97e014387bd8e"
            },
            "dist": {
                "type": "zip",
                "url": "https://api.github.com/repos/composer/installers/zipball/36e5b5843203d7f1cf6ffb0305a97e014387bd8e",
                "reference": "36e5b5843203d7f1cf6ffb0305a97e014387bd8e",
                "shasum": ""
            },
            "require": {
                "composer-plugin-api": "^1.0"
            },
            "replace": {
                "roundcube/plugin-installer": "*",
                "shama/baton": "*"
            },
            "require-dev": {
                "composer/composer": "1.0.*@dev",
                "phpunit/phpunit": "4.1.*"
            },
            "type": "composer-plugin",
            "extra": {
                "class": "Composer\\Installers\\Plugin",
                "branch-alias": {
                    "dev-master": "1.0-dev"
                }
            },
            "autoload": {
                "psr-4": {
                    "Composer\\Installers\\": "src/Composer/Installers"
                }
            },
            "notification-url": "https://packagist.org/downloads/",
            "license": [
                "MIT"
            ],
            "authors": [
                {
                    "name": "Kyle Robinson Young",
                    "email": "kyle@dontkry.com",
                    "homepage": "https://github.com/shama"
                }
            ],
            "description": "A multi-framework Composer library installer",
            "homepage": "https://composer.github.io/installers/",
            "keywords": [
                "Craft",
                "Dolibarr",
                "Hurad",
                "ImageCMS",
                "MODX Evo",
                "Mautic",
                "OXID",
                "SMF",
                "Thelia",
                "WolfCMS",
                "agl",
                "aimeos",
                "annotatecms",
                "bitrix",
                "cakephp",
                "chef",
                "codeigniter",
                "concrete5",
                "croogo",
                "dokuwiki",
                "drupal",
                "elgg",
                "fuelphp",
                "grav",
                "installer",
                "joomla",
                "kohana",
                "laravel",
                "lithium",
                "magento",
                "mako",
                "mediawiki",
                "modulework",
                "moodle",
                "phpbb",
                "piwik",
                "ppi",
                "puppet",
                "roundcube",
                "shopware",
                "silverstripe",
                "symfony",
                "typo3",
                "wordpress",
                "zend",
                "zikula"
            ],
            "time": "2016-04-13 19:46:30"
        },
        {
            "name": "mitogh/katana",
            "version": "dev-master",
            "source": {
                "type": "git",
                "url": "https://github.com/mitogh/Katana.git",
                "reference": "9eb7267f061fbe555dbe9c12461650bb4153915f"
            },
            "dist": {
                "type": "zip",
                "url": "https://api.github.com/repos/mitogh/Katana/zipball/9eb7267f061fbe555dbe9c12461650bb4153915f",
                "reference": "9eb7267f061fbe555dbe9c12461650bb4153915f",
                "shasum": ""
            },
            "require": {
                "php": ">=5.3.0"
            },
            "require-dev": {
                "phpunit/phpunit": "~4.5",
                "squizlabs/php_codesniffer": "2.*",
                "wp-coding-standards/wpcs": "^0.9.0"
            },
            "type": "library",
            "autoload": {
                "psr-4": {
                    "Katana\\": "src/"
                }
            },
            "notification-url": "https://packagist.org/downloads/",
            "authors": [
                {
                    "name": "Crisoforo Gaspar Hernandez",
                    "email": "hello@crisoforo.com"
                }
            ],
            "description": "Filters to control where the size of images are generated.",
            "homepage": "https://github.com/mitogh/Katana",
            "keywords": [
                "filter",
                "images",
                "wordpress"
            ],
            "time": "2016-03-27 16:05:04"
        },
        {
            "name": "moxie-lean/wp-elements",
            "version": "0.2.4",
            "source": {
                "type": "git",
                "url": "https://github.com/moxie-leean/wp-elements.git",
                "reference": "337641bcb91e0f952a3796ecccddae6981158317"
            },
            "dist": {
                "type": "zip",
                "url": "https://api.github.com/repos/moxie-leean/wp-elements/zipball/337641bcb91e0f952a3796ecccddae6981158317",
                "reference": "337641bcb91e0f952a3796ecccddae6981158317",
                "shasum": ""
            },
            "require": {
                "php": ">=5.4"
            },
            "require-dev": {
                "squizlabs/php_codesniffer": "2.*",
                "wp-coding-standards/wpcs": "0.9.0"
            },
            "type": "library",
            "autoload": {
                "psr-4": {
                    "Lean\\Elements\\": "src/"
                }
            },
            "notification-url": "https://packagist.org/downloads/",
            "license": [
                "MIT"
            ],
            "authors": [
                {
                    "name": "Caridad Zapatero Contreras",
                    "email": "devs@getmoxied.net"
                }
            ],
            "description": "Predefined ACF groups.",
            "homepage": "https://github.com/moxie-lean/wp-elements",
            "keywords": [
                "wordpress"
            ],
            "time": "2016-04-07 16:35:55"
        },
        {
            "name": "moxie-lean/wp-endpoints-collection",
            "version": "0.3.2",
            "source": {
                "type": "git",
                "url": "https://github.com/moxie-leean/wp-endpoints-collection.git",
                "reference": "bbc758819527874f047f8ddc3918296b08ac3158"
            },
            "dist": {
                "type": "zip",
                "url": "https://api.github.com/repos/moxie-leean/wp-endpoints-collection/zipball/bbc758819527874f047f8ddc3918296b08ac3158",
                "reference": "bbc758819527874f047f8ddc3918296b08ac3158",
                "shasum": ""
            },
            "require": {
                "moxie-leean/wp-endpoint": "^0.3.0",
                "moxie-leean/wp-utils": "0.*.*",
                "php": ">=5.4"
            },
            "require-dev": {
                "squizlabs/php_codesniffer": "2.*",
                "wp-coding-standards/wpcs": "0.9.0"
            },
            "type": "library",
            "autoload": {
                "psr-4": {
                    "Lean\\Endpoints\\": "src/"
                }
            },
            "notification-url": "https://packagist.org/downloads/",
            "license": [
                "MIT"
            ],
            "authors": [
                {
                    "name": "Moxie Developers",
                    "email": "developer@getmoxied.net"
                }
            ],
            "description": "Query against a WordPress site and get a JSON response with a collection of data associated with your request.",
            "homepage": "https://github.com/moxie-leean/wp-endpoints-collection",
            "keywords": [
                "wordpress",
                "wordpress API"
            ],
            "time": "2016-04-19 23:49:14"
        },
        {
            "name": "moxie-leean/cpt",
            "version": "0.2.0",
            "source": {
                "type": "git",
                "url": "https://github.com/moxie-leean/cpt.git",
                "reference": "b1c055af4a7d29325ea1a8fbcefe0167ddf8d59b"
            },
            "dist": {
                "type": "zip",
                "url": "https://api.github.com/repos/moxie-leean/cpt/zipball/b1c055af4a7d29325ea1a8fbcefe0167ddf8d59b",
                "reference": "b1c055af4a7d29325ea1a8fbcefe0167ddf8d59b",
                "shasum": ""
            },
            "require": {
                "php": ">=5.4"
            },
            "require-dev": {
                "squizlabs/php_codesniffer": "2.*",
                "wp-coding-standards/wpcs": "dev-master"
            },
            "type": "library",
            "autoload": {
                "psr-4": {
                    "Leean\\": "src/"
                }
            },
            "notification-url": "https://packagist.org/downloads/",
            "license": [
                "MIT"
            ],
            "authors": [
                {
                    "name": "Crisoforo Gaspar Hernandez",
                    "email": "github@crisoforo.com"
                }
            ],
            "description": "Craate custom post types more easily",
            "homepage": "https://github.com/moxie-leean/cpt",
            "keywords": [
                "cpt",
                "post types",
                "wordpress"
            ],
            "time": "2016-03-30 23:06:07"
        },
        {
            "name": "moxie-leean/wp-acf",
            "version": "0.4.4",
            "source": {
                "type": "git",
                "url": "https://github.com/moxie-leean/wp-acf.git",
                "reference": "e3c98a72ebc20b84571625d5ed0ff9d5ea5f4492"
            },
            "dist": {
                "type": "zip",
                "url": "https://api.github.com/repos/moxie-leean/wp-acf/zipball/e3c98a72ebc20b84571625d5ed0ff9d5ea5f4492",
                "reference": "e3c98a72ebc20b84571625d5ed0ff9d5ea5f4492",
                "shasum": ""
            },
            "require": {
                "php": ">=5.4"
            },
            "require-dev": {
                "squizlabs/php_codesniffer": "2.*",
                "wp-coding-standards/wpcs": "0.9.0"
            },
            "type": "library",
            "autoload": {
                "psr-4": {
                    "Leean\\": "src/"
                }
            },
            "notification-url": "https://packagist.org/downloads/",
            "license": [
                "MIT"
            ],
            "authors": [
                {
                    "name": "Adam Fenton",
                    "email": "devs@getmoxied.net"
                },
                {
                    "name": "Crisoforo Gaspar",
                    "email": "devs@getmoxied.net"
                }
            ],
            "description": "Helper functions for working with Advanced Custom Fields",
            "homepage": "https://github.com/moxie-leean/wp-acf",
            "keywords": [
                "acf",
                "wordpress"
            ],
            "time": "2016-04-05 00:51:32"
        },
        {
            "name": "moxie-leean/wp-endpoint",
            "version": "0.3.0",
            "source": {
                "type": "git",
                "url": "https://github.com/moxie-leean/wp-endpoint.git",
                "reference": "2c2bcf680f671022d24160c97bca8115d71b9951"
            },
            "dist": {
                "type": "zip",
                "url": "https://api.github.com/repos/moxie-leean/wp-endpoint/zipball/2c2bcf680f671022d24160c97bca8115d71b9951",
                "reference": "2c2bcf680f671022d24160c97bca8115d71b9951",
                "shasum": ""
            },
            "require": {
                "php": ">=5.4"
            },
            "require-dev": {
                "squizlabs/php_codesniffer": "2.*",
                "wp-coding-standards/wpcs": "0.9.0"
            },
            "type": "library",
            "autoload": {
                "psr-4": {
                    "Leean\\": "src/"
                }
            },
            "notification-url": "https://packagist.org/downloads/",
            "license": [
                "MIT"
            ],
            "authors": [
                {
                    "name": "Moxie Developers",
                    "email": "developer@getmoxied.net"
                }
            ],
            "description": "wp-endpoint",
            "homepage": "https://github.com/moxie-leean/wp-endpoints-post/",
            "time": "2016-04-19 14:24:34"
        },
        {
            "name": "moxie-leean/wp-endpoints-post",
            "version": "0.1.4",
            "source": {
                "type": "git",
                "url": "https://github.com/moxie-leean/wp-endpoints-post.git",
                "reference": "b01563b56a56f67caffe1e843985b5cbbe550a00"
            },
            "dist": {
                "type": "zip",
                "url": "https://api.github.com/repos/moxie-leean/wp-endpoints-post/zipball/b01563b56a56f67caffe1e843985b5cbbe550a00",
                "reference": "b01563b56a56f67caffe1e843985b5cbbe550a00",
                "shasum": ""
            },
            "require": {
                "moxie-leean/wp-acf": "0.*.*",
                "moxie-leean/wp-endpoint": "0.*.*",
                "moxie-leean/wp-utils": "0.*.*",
                "php": ">=5.4"
            },
            "require-dev": {
                "squizlabs/php_codesniffer": "2.*",
                "wp-coding-standards/wpcs": "0.9.0"
            },
            "type": "library",
            "autoload": {
                "psr-4": {
                    "Leean\\Endpoints\\": "src/"
                }
            },
            "notification-url": "https://packagist.org/downloads/",
            "license": [
                "MIT"
            ],
            "authors": [
                {
                    "name": "Adam Fenton",
                    "email": "devs@getmoxied.net"
                }
            ],
            "description": "Generic but customisable post endpoint to expose post content via WP-API",
            "homepage": "https://github.com/moxie-leean/wp-endpoints-post",
            "keywords": [
                "api",
                "wordpress"
            ],
            "time": "2016-04-19 23:49:22"
        },
        {
            "name": "moxie-leean/wp-endpoints-routes",
            "version": "0.1.1",
            "source": {
                "type": "git",
                "url": "https://github.com/moxie-leean/wp-endpoints-routes.git",
                "reference": "ff759a4003ee025337498c7fdee4ccb9b611e2f5"
            },
            "dist": {
                "type": "zip",
                "url": "https://api.github.com/repos/moxie-leean/wp-endpoints-routes/zipball/ff759a4003ee025337498c7fdee4ccb9b611e2f5",
                "reference": "ff759a4003ee025337498c7fdee4ccb9b611e2f5",
                "shasum": ""
            },
            "require": {
                "moxie-leean/wp-endpoint": "0.*.*",
                "php": ">=5.4"
            },
            "require-dev": {
                "squizlabs/php_codesniffer": "2.*",
                "wp-coding-standards/wpcs": "0.9.0"
            },
            "type": "library",
            "autoload": {
                "psr-4": {
                    "Lean\\Endpoints\\": "src/"
                }
            },
            "notification-url": "https://packagist.org/downloads/",
            "license": [
                "MIT"
            ],
            "authors": [
                {
                    "name": "Adam Fenton",
                    "email": "devs@getmoxied.net"
                },
                {
                    "name": "Crisoforo Gaspar Hernandez",
                    "email": "chernandez@getmoxied.net"
                }
            ],
            "description": "Get the set of routes.",
            "homepage": "https://github.com/moxie-leean/wp-endpoints-routes",
            "keywords": [
                "api",
                "wordpress"
            ],
            "time": "2016-04-04 22:26:23"
        },
        {
            "name": "moxie-leean/wp-endpoints-static",
            "version": "0.1.5",
            "source": {
                "type": "git",
                "url": "https://github.com/moxie-leean/wp-endpoints-static.git",
                "reference": "14f435c5018d10ba61799211e9d004ecdf471a37"
            },
            "dist": {
                "type": "zip",
                "url": "https://api.github.com/repos/moxie-leean/wp-endpoints-static/zipball/14f435c5018d10ba61799211e9d004ecdf471a37",
                "reference": "14f435c5018d10ba61799211e9d004ecdf471a37",
                "shasum": ""
            },
            "require": {
                "moxie-leean/wp-acf": "0.*.*",
                "moxie-leean/wp-endpoint": "0.*.*",
                "moxie-leean/wp-widgets": "0.*.*",
                "php": ">=5.4"
            },
            "require-dev": {
                "squizlabs/php_codesniffer": "2.*",
                "wp-coding-standards/wpcs": "0.9.0"
            },
            "type": "library",
            "autoload": {
                "psr-4": {
                    "Leean\\Endpoints\\": "src/"
                }
            },
            "notification-url": "https://packagist.org/downloads/",
            "license": [
                "MIT"
            ],
            "authors": [
                {
                    "name": "Adam Fenton",
                    "email": "devs@getmoxied.net"
                },
                {
                    "name": "Crisoforo Gaspar Hernandez",
                    "email": "chernandez@getmoxied.net"
                }
            ],
            "description": "Generic but customisable endpoint to expose our static data via WP-API.",
            "homepage": "https://github.com/moxie-leean/wp-endpoints-static",
            "keywords": [
                "api",
                "wordpress"
            ],
            "time": "2016-04-18 16:42:08"
        },
        {
            "name": "moxie-leean/wp-page-templates",
            "version": "dev-master",
            "source": {
                "type": "git",
                "url": "https://github.com/moxie-leean/wp-page-templates.git",
                "reference": "107a30cd95b9fa66199cdd6a82c83d33f417aaed"
            },
            "dist": {
                "type": "zip",
                "url": "https://api.github.com/repos/moxie-leean/wp-page-templates/zipball/107a30cd95b9fa66199cdd6a82c83d33f417aaed",
                "reference": "107a30cd95b9fa66199cdd6a82c83d33f417aaed",
                "shasum": ""
            },
            "require": {
                "php": ">=5.4"
            },
            "require-dev": {
                "squizlabs/php_codesniffer": "2.*",
                "wp-coding-standards/wpcs": "dev-master"
            },
            "type": "library",
            "autoload": {
                "psr-4": {
                    "Leean\\": "src/"
                }
            },
            "notification-url": "https://packagist.org/downloads/",
            "license": [
                "MIT"
            ],
            "authors": [
                {
                    "name": "Adam Fenton",
                    "email": "devs@getmoxied.net"
                }
            ],
            "description": "A way of registering page templates from a plugin",
            "homepage": "https://github.com/moxie-leean/wp-page-templates",
            "keywords": [
                "wordpress"
            ],
            "time": "2016-03-17 23:50:47"
        },
        {
            "name": "moxie-leean/wp-utils",
            "version": "0.2.0",
            "source": {
                "type": "git",
                "url": "https://github.com/moxie-leean/wp-utils.git",
                "reference": "8e292ff5b8082a324e946db3a5f49f2c69d03a4d"
            },
            "dist": {
                "type": "zip",
                "url": "https://api.github.com/repos/moxie-leean/wp-utils/zipball/8e292ff5b8082a324e946db3a5f49f2c69d03a4d",
                "reference": "8e292ff5b8082a324e946db3a5f49f2c69d03a4d",
                "shasum": ""
            },
            "require": {
                "moxie-lean/wp-elements": "0.*.*",
                "moxie-leean/wp-acf": "0.*.*",
                "php": ">=5.4"
            },
            "require-dev": {
                "squizlabs/php_codesniffer": "2.*",
                "wp-coding-standards/wpcs": "0.9.0"
            },
            "type": "library",
            "autoload": {
                "psr-4": {
                    "Lean\\Utils\\": "src/"
                }
            },
            "notification-url": "https://packagist.org/downloads/",
            "license": [
                "MIT"
            ],
            "authors": [
                {
                    "name": "Adam Fenton",
                    "email": "devs@getmoxied.net"
                },
                {
                    "name": "Crisoforo Gaspar",
                    "email": "devs@getmoxied.net"
                }
            ],
            "description": "A suite of useful functions for your WordPress theme",
            "homepage": "https://github.com/moxie-leean/wp-utils",
            "keywords": [
                "wordpress"
            ],
            "time": "2016-04-19 22:49:14"
        },
        {
            "name": "moxie-leean/wp-widgets",
            "version": "0.1.9",
            "source": {
                "type": "git",
                "url": "https://github.com/moxie-leean/wp-widgets.git",
                "reference": "251696cb4a51a69e533a764cab23ec22c854690a"
            },
            "dist": {
                "type": "zip",
                "url": "https://api.github.com/repos/moxie-leean/wp-widgets/zipball/251696cb4a51a69e533a764cab23ec22c854690a",
                "reference": "251696cb4a51a69e533a764cab23ec22c854690a",
                "shasum": ""
            },
            "require": {
                "moxie-leean/wp-acf": "0.*.*",
                "php": ">=5.4"
            },
            "require-dev": {
                "squizlabs/php_codesniffer": "2.*",
                "wp-coding-standards/wpcs": "0.9.0"
            },
            "type": "library",
            "autoload": {
                "psr-4": {
                    "Leean\\Widgets\\": "src/"
                }
            },
            "notification-url": "https://packagist.org/downloads/",
            "license": [
                "MIT"
            ],
            "authors": [
                {
                    "name": "Adam Fenton",
                    "email": "devs@getmoxied.net"
                }
            ],
            "description": "Control the WP widgets whilst using WP in as a headless CMS.",
            "homepage": "https://github.com/moxie-leean/wp-widgets",
            "keywords": [
                "wordpress"
            ],
            "time": "2016-04-07 15:56:16"
        }
    ],
    "packages-dev": [
        {
            "name": "squizlabs/php_codesniffer",
            "version": "2.6.0",
            "source": {
                "type": "git",
                "url": "https://github.com/squizlabs/PHP_CodeSniffer.git",
                "reference": "1bcdf03b068a530ac1962ce671dead356eeba43b"
            },
            "dist": {
                "type": "zip",
                "url": "https://api.github.com/repos/squizlabs/PHP_CodeSniffer/zipball/1bcdf03b068a530ac1962ce671dead356eeba43b",
                "reference": "1bcdf03b068a530ac1962ce671dead356eeba43b",
                "shasum": ""
            },
            "require": {
                "ext-simplexml": "*",
                "ext-tokenizer": "*",
                "ext-xmlwriter": "*",
                "php": ">=5.1.2"
            },
            "require-dev": {
                "phpunit/phpunit": "~4.0"
            },
            "bin": [
                "scripts/phpcs",
                "scripts/phpcbf"
            ],
            "type": "library",
            "extra": {
                "branch-alias": {
                    "dev-master": "2.x-dev"
                }
            },
            "autoload": {
                "classmap": [
                    "CodeSniffer.php",
                    "CodeSniffer/CLI.php",
                    "CodeSniffer/Exception.php",
                    "CodeSniffer/File.php",
                    "CodeSniffer/Fixer.php",
                    "CodeSniffer/Report.php",
                    "CodeSniffer/Reporting.php",
                    "CodeSniffer/Sniff.php",
                    "CodeSniffer/Tokens.php",
                    "CodeSniffer/Reports/",
                    "CodeSniffer/Tokenizers/",
                    "CodeSniffer/DocGenerators/",
                    "CodeSniffer/Standards/AbstractPatternSniff.php",
                    "CodeSniffer/Standards/AbstractScopeSniff.php",
                    "CodeSniffer/Standards/AbstractVariableSniff.php",
                    "CodeSniffer/Standards/IncorrectPatternException.php",
                    "CodeSniffer/Standards/Generic/Sniffs/",
                    "CodeSniffer/Standards/MySource/Sniffs/",
                    "CodeSniffer/Standards/PEAR/Sniffs/",
                    "CodeSniffer/Standards/PSR1/Sniffs/",
                    "CodeSniffer/Standards/PSR2/Sniffs/",
                    "CodeSniffer/Standards/Squiz/Sniffs/",
                    "CodeSniffer/Standards/Zend/Sniffs/"
                ]
            },
            "notification-url": "https://packagist.org/downloads/",
            "license": [
                "BSD-3-Clause"
            ],
            "authors": [
                {
                    "name": "Greg Sherwood",
                    "role": "lead"
                }
            ],
            "description": "PHP_CodeSniffer tokenizes PHP, JavaScript and CSS files and detects violations of a defined set of coding standards.",
            "homepage": "http://www.squizlabs.com/php-codesniffer",
            "keywords": [
                "phpcs",
                "standards"
            ],
            "time": "2016-04-03 22:58:34"
        },
        {
            "name": "wp-coding-standards/wpcs",
            "version": "0.9.0",
            "source": {
                "type": "git",
                "url": "https://github.com/WordPress-Coding-Standards/WordPress-Coding-Standards.git",
                "reference": "b415094aa5fd24da6eba2295323bcff840902dd3"
            },
            "dist": {
                "type": "zip",
                "url": "https://api.github.com/repos/WordPress-Coding-Standards/WordPress-Coding-Standards/zipball/b415094aa5fd24da6eba2295323bcff840902dd3",
                "reference": "b415094aa5fd24da6eba2295323bcff840902dd3",
                "shasum": ""
            },
            "require": {
                "squizlabs/php_codesniffer": "~2.2"
            },
            "type": "library",
            "notification-url": "https://packagist.org/downloads/",
            "license": [
                "MIT"
            ],
            "authors": [
                {
                    "name": "Contributors",
                    "homepage": "https://github.com/WordPress-Coding-Standards/WordPress-Coding-Standards/graphs/contributors"
                }
            ],
            "description": "PHP_CodeSniffer rules (sniffs) to enforce WordPress coding conventions",
            "keywords": [
                "phpcs",
                "standards",
                "wordpress"
            ],
            "time": "2016-02-01 16:14:59"
        }
    ],
    "aliases": [],
    "minimum-stability": "stable",
    "stability-flags": {
        "mitogh/katana": 20,
        "moxie-leean/wp-page-templates": 20
    },
    "prefer-stable": false,
    "prefer-lowest": false,
    "platform": [],
    "platform-dev": []
}
